// !$*UTF8*$!
{
	archiveVersion = 1;
	classes = {
	};
	objectVersion = 56;
	objects = {

/* Begin PBXBuildFile section */
		5686F67893725C727BAED9C4 /* Pods_RealmTutorialOfCRUDAppTests.framework in Frameworks */ = {isa = PBXBuildFile; fileRef = CA9A990794EDA98D16DDDD87 /* Pods_RealmTutorialOfCRUDAppTests.framework */; };
		5DFBDD2329CDB32F004E0B78 /* AppDelegate.swift in Sources */ = {isa = PBXBuildFile; fileRef = 5DFBDD2229CDB32F004E0B78 /* AppDelegate.swift */; };
		5DFBDD2529CDB32F004E0B78 /* SceneDelegate.swift in Sources */ = {isa = PBXBuildFile; fileRef = 5DFBDD2429CDB32F004E0B78 /* SceneDelegate.swift */; };
		5DFBDD2729CDB32F004E0B78 /* ViewController.swift in Sources */ = {isa = PBXBuildFile; fileRef = 5DFBDD2629CDB32F004E0B78 /* ViewController.swift */; };
		5DFBDD2C29CDB331004E0B78 /* Assets.xcassets in Resources */ = {isa = PBXBuildFile; fileRef = 5DFBDD2B29CDB331004E0B78 /* Assets.xcassets */; };
		5DFBDD2F29CDB331004E0B78 /* LaunchScreen.storyboard in Resources */ = {isa = PBXBuildFile; fileRef = 5DFBDD2D29CDB331004E0B78 /* LaunchScreen.storyboard */; };
		5DFBDD3A29CDB331004E0B78 /* RealmTutorialOfCRUDAppTests.swift in Sources */ = {isa = PBXBuildFile; fileRef = 5DFBDD3929CDB331004E0B78 /* RealmTutorialOfCRUDAppTests.swift */; };
		5DFBDD4429CDB331004E0B78 /* RealmTutorialOfCRUDAppUITests.swift in Sources */ = {isa = PBXBuildFile; fileRef = 5DFBDD4329CDB331004E0B78 /* RealmTutorialOfCRUDAppUITests.swift */; };
		5DFBDD4629CDB331004E0B78 /* RealmTutorialOfCRUDAppUITestsLaunchTests.swift in Sources */ = {isa = PBXBuildFile; fileRef = 5DFBDD4529CDB331004E0B78 /* RealmTutorialOfCRUDAppUITestsLaunchTests.swift */; };
		5DFBDD5729CDB712004E0B78 /* TodoListViewController.swift in Sources */ = {isa = PBXBuildFile; fileRef = 5DFBDD5629CDB712004E0B78 /* TodoListViewController.swift */; };
		5DFBDD5929CDB729004E0B78 /* TodoListViewController.xib in Resources */ = {isa = PBXBuildFile; fileRef = 5DFBDD5829CDB728004E0B78 /* TodoListViewController.xib */; };
		5DFBDD5B29CDB748004E0B78 /* TodoListPresenter.swift in Sources */ = {isa = PBXBuildFile; fileRef = 5DFBDD5A29CDB748004E0B78 /* TodoListPresenter.swift */; };
		5DFBDD5E29CDB8F5004E0B78 /* TodoListTableViewCell.swift in Sources */ = {isa = PBXBuildFile; fileRef = 5DFBDD5D29CDB8F5004E0B78 /* TodoListTableViewCell.swift */; };
		5DFBDD6029CDB913004E0B78 /* TodoListTableViewCell.xib in Resources */ = {isa = PBXBuildFile; fileRef = 5DFBDD5F29CDB913004E0B78 /* TodoListTableViewCell.xib */; };
		5DFBDD6429CDB9C2004E0B78 /* UITableView+.swift in Sources */ = {isa = PBXBuildFile; fileRef = 5DFBDD6329CDB9C2004E0B78 /* UITableView+.swift */; };
		5DFBDD6629CDB9E9004E0B78 /* UITableViewCell+.swift in Sources */ = {isa = PBXBuildFile; fileRef = 5DFBDD6529CDB9E9004E0B78 /* UITableViewCell+.swift */; };
		5DFBDD6929CDBA11004E0B78 /* NSObjectProtocol+.swift in Sources */ = {isa = PBXBuildFile; fileRef = 5DFBDD6829CDBA11004E0B78 /* NSObjectProtocol+.swift */; };
		5DFBDD6D29CDCA2B004E0B78 /* RegisterTodoUseCase.swift in Sources */ = {isa = PBXBuildFile; fileRef = 5DFBDD6C29CDCA2B004E0B78 /* RegisterTodoUseCase.swift */; };
		5DFBDD7129CDCAC2004E0B78 /* RegisterTodoDataStore.swift in Sources */ = {isa = PBXBuildFile; fileRef = 5DFBDD7029CDCAC2004E0B78 /* RegisterTodoDataStore.swift */; };
		5DFBDD7429CDCB29004E0B78 /* TodoModel.swift in Sources */ = {isa = PBXBuildFile; fileRef = 5DFBDD7329CDCB29004E0B78 /* TodoModel.swift */; };
		5DFBDD7729CDD03A004E0B78 /* FetchTodoListDataStore.swift in Sources */ = {isa = PBXBuildFile; fileRef = 5DFBDD7629CDD03A004E0B78 /* FetchTodoListDataStore.swift */; };
		5DFBDD7C29CDF334004E0B78 /* TodoDetailViewController.swift in Sources */ = {isa = PBXBuildFile; fileRef = 5DFBDD7B29CDF334004E0B78 /* TodoDetailViewController.swift */; };
		5DFBDD7E29CDF34F004E0B78 /* TodoDetailViewController.xib in Resources */ = {isa = PBXBuildFile; fileRef = 5DFBDD7D29CDF34F004E0B78 /* TodoDetailViewController.xib */; };
		5DFBDD8029CDF404004E0B78 /* TodoDetailPresenter.swift in Sources */ = {isa = PBXBuildFile; fileRef = 5DFBDD7F29CDF404004E0B78 /* TodoDetailPresenter.swift */; };
		5DFBDD8229CE513D004E0B78 /* TodoDetailUseCase.swift in Sources */ = {isa = PBXBuildFile; fileRef = 5DFBDD8129CE513D004E0B78 /* TodoDetailUseCase.swift */; };
		5DFBDD8529CE5305004E0B78 /* UpdateTodoDataStore.swift in Sources */ = {isa = PBXBuildFile; fileRef = 5DFBDD8429CE5305004E0B78 /* UpdateTodoDataStore.swift */; };
		5DFBDD8829CED2EF004E0B78 /* DeleteAllTodosDataStore.swift in Sources */ = {isa = PBXBuildFile; fileRef = 5DFBDD8729CED2EF004E0B78 /* DeleteAllTodosDataStore.swift */; };
		5DFBDD8B29CEDBDA004E0B78 /* DeleteTodoDataStore.swift in Sources */ = {isa = PBXBuildFile; fileRef = 5DFBDD8A29CEDBDA004E0B78 /* DeleteTodoDataStore.swift */; };
		5DFBDD8E29CF0475004E0B78 /* FetchTodoListWithQueryDataStore.swift in Sources */ = {isa = PBXBuildFile; fileRef = 5DFBDD8D29CF0475004E0B78 /* FetchTodoListWithQueryDataStore.swift */; };
		5DFBDD9129CF09CA004E0B78 /* RealmDBConverter.swift in Sources */ = {isa = PBXBuildFile; fileRef = 5DFBDD9029CF09CA004E0B78 /* RealmDBConverter.swift */; };
		5DFBDD9329CF0D12004E0B78 /* GenerateUUIDService.swift in Sources */ = {isa = PBXBuildFile; fileRef = 5DFBDD9229CF0D12004E0B78 /* GenerateUUIDService.swift */; };
		9B005DF8C61600CECD36283C /* Pods_RealmTutorialOfCRUDApp.framework in Frameworks */ = {isa = PBXBuildFile; fileRef = 8765AA0E5B4E0BE9E33D8EB0 /* Pods_RealmTutorialOfCRUDApp.framework */; };
		D57D34727FC170202D46AB8B /* Pods_RealmTutorialOfCRUDApp_RealmTutorialOfCRUDAppUITests.framework in Frameworks */ = {isa = PBXBuildFile; fileRef = F1BA7DF170B203B300BB9B1F /* Pods_RealmTutorialOfCRUDApp_RealmTutorialOfCRUDAppUITests.framework */; };
/* End PBXBuildFile section */

/* Begin PBXContainerItemProxy section */
		5DFBDD3629CDB331004E0B78 /* PBXContainerItemProxy */ = {
			isa = PBXContainerItemProxy;
			containerPortal = 5DFBDD1729CDB32F004E0B78 /* Project object */;
			proxyType = 1;
			remoteGlobalIDString = 5DFBDD1E29CDB32F004E0B78;
			remoteInfo = RealmTutorialOfCRUDApp;
		};
		5DFBDD4029CDB331004E0B78 /* PBXContainerItemProxy */ = {
			isa = PBXContainerItemProxy;
			containerPortal = 5DFBDD1729CDB32F004E0B78 /* Project object */;
			proxyType = 1;
			remoteGlobalIDString = 5DFBDD1E29CDB32F004E0B78;
			remoteInfo = RealmTutorialOfCRUDApp;
		};
/* End PBXContainerItemProxy section */

/* Begin PBXFileReference section */
		065CA9F6DFB4B913EB8332F5 /* Pods-RealmTutorialOfCRUDApp.debug.xcconfig */ = {isa = PBXFileReference; includeInIndex = 1; lastKnownFileType = text.xcconfig; name = "Pods-RealmTutorialOfCRUDApp.debug.xcconfig"; path = "Target Support Files/Pods-RealmTutorialOfCRUDApp/Pods-RealmTutorialOfCRUDApp.debug.xcconfig"; sourceTree = "<group>"; };
		11F8E0075DA1FE6FFA2E1845 /* Pods-RealmTutorialOfCRUDApp-RealmTutorialOfCRUDAppUITests.debug.xcconfig */ = {isa = PBXFileReference; includeInIndex = 1; lastKnownFileType = text.xcconfig; name = "Pods-RealmTutorialOfCRUDApp-RealmTutorialOfCRUDAppUITests.debug.xcconfig"; path = "Target Support Files/Pods-RealmTutorialOfCRUDApp-RealmTutorialOfCRUDAppUITests/Pods-RealmTutorialOfCRUDApp-RealmTutorialOfCRUDAppUITests.debug.xcconfig"; sourceTree = "<group>"; };
		542F8DDD6503FB6650A52F3C /* Pods-RealmTutorialOfCRUDAppTests.release.xcconfig */ = {isa = PBXFileReference; includeInIndex = 1; lastKnownFileType = text.xcconfig; name = "Pods-RealmTutorialOfCRUDAppTests.release.xcconfig"; path = "Target Support Files/Pods-RealmTutorialOfCRUDAppTests/Pods-RealmTutorialOfCRUDAppTests.release.xcconfig"; sourceTree = "<group>"; };
		5DFBDD1F29CDB32F004E0B78 /* RealmTutorialOfCRUDApp.app */ = {isa = PBXFileReference; explicitFileType = wrapper.application; includeInIndex = 0; path = RealmTutorialOfCRUDApp.app; sourceTree = BUILT_PRODUCTS_DIR; };
		5DFBDD2229CDB32F004E0B78 /* AppDelegate.swift */ = {isa = PBXFileReference; lastKnownFileType = sourcecode.swift; path = AppDelegate.swift; sourceTree = "<group>"; };
		5DFBDD2429CDB32F004E0B78 /* SceneDelegate.swift */ = {isa = PBXFileReference; lastKnownFileType = sourcecode.swift; path = SceneDelegate.swift; sourceTree = "<group>"; };
		5DFBDD2629CDB32F004E0B78 /* ViewController.swift */ = {isa = PBXFileReference; lastKnownFileType = sourcecode.swift; path = ViewController.swift; sourceTree = "<group>"; };
		5DFBDD2B29CDB331004E0B78 /* Assets.xcassets */ = {isa = PBXFileReference; lastKnownFileType = folder.assetcatalog; path = Assets.xcassets; sourceTree = "<group>"; };
		5DFBDD2E29CDB331004E0B78 /* Base */ = {isa = PBXFileReference; lastKnownFileType = file.storyboard; name = Base; path = Base.lproj/LaunchScreen.storyboard; sourceTree = "<group>"; };
		5DFBDD3029CDB331004E0B78 /* Info.plist */ = {isa = PBXFileReference; lastKnownFileType = text.plist.xml; path = Info.plist; sourceTree = "<group>"; };
		5DFBDD3529CDB331004E0B78 /* RealmTutorialOfCRUDAppTests.xctest */ = {isa = PBXFileReference; explicitFileType = wrapper.cfbundle; includeInIndex = 0; path = RealmTutorialOfCRUDAppTests.xctest; sourceTree = BUILT_PRODUCTS_DIR; };
		5DFBDD3929CDB331004E0B78 /* RealmTutorialOfCRUDAppTests.swift */ = {isa = PBXFileReference; lastKnownFileType = sourcecode.swift; path = RealmTutorialOfCRUDAppTests.swift; sourceTree = "<group>"; };
		5DFBDD3F29CDB331004E0B78 /* RealmTutorialOfCRUDAppUITests.xctest */ = {isa = PBXFileReference; explicitFileType = wrapper.cfbundle; includeInIndex = 0; path = RealmTutorialOfCRUDAppUITests.xctest; sourceTree = BUILT_PRODUCTS_DIR; };
		5DFBDD4329CDB331004E0B78 /* RealmTutorialOfCRUDAppUITests.swift */ = {isa = PBXFileReference; lastKnownFileType = sourcecode.swift; path = RealmTutorialOfCRUDAppUITests.swift; sourceTree = "<group>"; };
		5DFBDD4529CDB331004E0B78 /* RealmTutorialOfCRUDAppUITestsLaunchTests.swift */ = {isa = PBXFileReference; lastKnownFileType = sourcecode.swift; path = RealmTutorialOfCRUDAppUITestsLaunchTests.swift; sourceTree = "<group>"; };
		5DFBDD5629CDB712004E0B78 /* TodoListViewController.swift */ = {isa = PBXFileReference; lastKnownFileType = sourcecode.swift; path = TodoListViewController.swift; sourceTree = "<group>"; };
		5DFBDD5829CDB728004E0B78 /* TodoListViewController.xib */ = {isa = PBXFileReference; lastKnownFileType = file.xib; path = TodoListViewController.xib; sourceTree = "<group>"; };
		5DFBDD5A29CDB748004E0B78 /* TodoListPresenter.swift */ = {isa = PBXFileReference; lastKnownFileType = sourcecode.swift; path = TodoListPresenter.swift; sourceTree = "<group>"; };
		5DFBDD5D29CDB8F5004E0B78 /* TodoListTableViewCell.swift */ = {isa = PBXFileReference; lastKnownFileType = sourcecode.swift; path = TodoListTableViewCell.swift; sourceTree = "<group>"; };
		5DFBDD5F29CDB913004E0B78 /* TodoListTableViewCell.xib */ = {isa = PBXFileReference; lastKnownFileType = file.xib; path = TodoListTableViewCell.xib; sourceTree = "<group>"; };
		5DFBDD6329CDB9C2004E0B78 /* UITableView+.swift */ = {isa = PBXFileReference; lastKnownFileType = sourcecode.swift; path = "UITableView+.swift"; sourceTree = "<group>"; };
		5DFBDD6529CDB9E9004E0B78 /* UITableViewCell+.swift */ = {isa = PBXFileReference; lastKnownFileType = sourcecode.swift; path = "UITableViewCell+.swift"; sourceTree = "<group>"; };
		5DFBDD6829CDBA11004E0B78 /* NSObjectProtocol+.swift */ = {isa = PBXFileReference; lastKnownFileType = sourcecode.swift; path = "NSObjectProtocol+.swift"; sourceTree = "<group>"; };
		5DFBDD6C29CDCA2B004E0B78 /* RegisterTodoUseCase.swift */ = {isa = PBXFileReference; lastKnownFileType = sourcecode.swift; path = RegisterTodoUseCase.swift; sourceTree = "<group>"; };
		5DFBDD7029CDCAC2004E0B78 /* RegisterTodoDataStore.swift */ = {isa = PBXFileReference; lastKnownFileType = sourcecode.swift; path = RegisterTodoDataStore.swift; sourceTree = "<group>"; };
		5DFBDD7329CDCB29004E0B78 /* TodoModel.swift */ = {isa = PBXFileReference; lastKnownFileType = sourcecode.swift; path = TodoModel.swift; sourceTree = "<group>"; };
		5DFBDD7629CDD03A004E0B78 /* FetchTodoListDataStore.swift */ = {isa = PBXFileReference; lastKnownFileType = sourcecode.swift; path = FetchTodoListDataStore.swift; sourceTree = "<group>"; };
		5DFBDD7B29CDF334004E0B78 /* TodoDetailViewController.swift */ = {isa = PBXFileReference; lastKnownFileType = sourcecode.swift; path = TodoDetailViewController.swift; sourceTree = "<group>"; };
		5DFBDD7D29CDF34F004E0B78 /* TodoDetailViewController.xib */ = {isa = PBXFileReference; lastKnownFileType = file.xib; path = TodoDetailViewController.xib; sourceTree = "<group>"; };
		5DFBDD7F29CDF404004E0B78 /* TodoDetailPresenter.swift */ = {isa = PBXFileReference; lastKnownFileType = sourcecode.swift; path = TodoDetailPresenter.swift; sourceTree = "<group>"; };
		5DFBDD8129CE513D004E0B78 /* TodoDetailUseCase.swift */ = {isa = PBXFileReference; lastKnownFileType = sourcecode.swift; path = TodoDetailUseCase.swift; sourceTree = "<group>"; };
		5DFBDD8429CE5305004E0B78 /* UpdateTodoDataStore.swift */ = {isa = PBXFileReference; lastKnownFileType = sourcecode.swift; path = UpdateTodoDataStore.swift; sourceTree = "<group>"; };
		5DFBDD8729CED2EF004E0B78 /* DeleteAllTodosDataStore.swift */ = {isa = PBXFileReference; lastKnownFileType = sourcecode.swift; path = DeleteAllTodosDataStore.swift; sourceTree = "<group>"; };
		5DFBDD8A29CEDBDA004E0B78 /* DeleteTodoDataStore.swift */ = {isa = PBXFileReference; lastKnownFileType = sourcecode.swift; path = DeleteTodoDataStore.swift; sourceTree = "<group>"; };
		5DFBDD8D29CF0475004E0B78 /* FetchTodoListWithQueryDataStore.swift */ = {isa = PBXFileReference; lastKnownFileType = sourcecode.swift; path = FetchTodoListWithQueryDataStore.swift; sourceTree = "<group>"; };
		5DFBDD9029CF09CA004E0B78 /* RealmDBConverter.swift */ = {isa = PBXFileReference; lastKnownFileType = sourcecode.swift; path = RealmDBConverter.swift; sourceTree = "<group>"; };
		5DFBDD9229CF0D12004E0B78 /* GenerateUUIDService.swift */ = {isa = PBXFileReference; lastKnownFileType = sourcecode.swift; path = GenerateUUIDService.swift; sourceTree = "<group>"; };
		8765AA0E5B4E0BE9E33D8EB0 /* Pods_RealmTutorialOfCRUDApp.framework */ = {isa = PBXFileReference; explicitFileType = wrapper.framework; includeInIndex = 0; path = Pods_RealmTutorialOfCRUDApp.framework; sourceTree = BUILT_PRODUCTS_DIR; };
		8ACB953EDA17A40F95B35735 /* Pods-RealmTutorialOfCRUDApp.release.xcconfig */ = {isa = PBXFileReference; includeInIndex = 1; lastKnownFileType = text.xcconfig; name = "Pods-RealmTutorialOfCRUDApp.release.xcconfig"; path = "Target Support Files/Pods-RealmTutorialOfCRUDApp/Pods-RealmTutorialOfCRUDApp.release.xcconfig"; sourceTree = "<group>"; };
		93C9009012C60103B90967F3 /* Pods-RealmTutorialOfCRUDApp-RealmTutorialOfCRUDAppUITests.release.xcconfig */ = {isa = PBXFileReference; includeInIndex = 1; lastKnownFileType = text.xcconfig; name = "Pods-RealmTutorialOfCRUDApp-RealmTutorialOfCRUDAppUITests.release.xcconfig"; path = "Target Support Files/Pods-RealmTutorialOfCRUDApp-RealmTutorialOfCRUDAppUITests/Pods-RealmTutorialOfCRUDApp-RealmTutorialOfCRUDAppUITests.release.xcconfig"; sourceTree = "<group>"; };
		A3C7394D371879A2F258EC32 /* Pods-RealmTutorialOfCRUDAppTests.debug.xcconfig */ = {isa = PBXFileReference; includeInIndex = 1; lastKnownFileType = text.xcconfig; name = "Pods-RealmTutorialOfCRUDAppTests.debug.xcconfig"; path = "Target Support Files/Pods-RealmTutorialOfCRUDAppTests/Pods-RealmTutorialOfCRUDAppTests.debug.xcconfig"; sourceTree = "<group>"; };
		CA9A990794EDA98D16DDDD87 /* Pods_RealmTutorialOfCRUDAppTests.framework */ = {isa = PBXFileReference; explicitFileType = wrapper.framework; includeInIndex = 0; path = Pods_RealmTutorialOfCRUDAppTests.framework; sourceTree = BUILT_PRODUCTS_DIR; };
		F1BA7DF170B203B300BB9B1F /* Pods_RealmTutorialOfCRUDApp_RealmTutorialOfCRUDAppUITests.framework */ = {isa = PBXFileReference; explicitFileType = wrapper.framework; includeInIndex = 0; path = Pods_RealmTutorialOfCRUDApp_RealmTutorialOfCRUDAppUITests.framework; sourceTree = BUILT_PRODUCTS_DIR; };
/* End PBXFileReference section */

/* Begin PBXFrameworksBuildPhase section */
		5DFBDD1C29CDB32F004E0B78 /* Frameworks */ = {
			isa = PBXFrameworksBuildPhase;
			buildActionMask = 2147483647;
			files = (
				9B005DF8C61600CECD36283C /* Pods_RealmTutorialOfCRUDApp.framework in Frameworks */,
			);
			runOnlyForDeploymentPostprocessing = 0;
		};
		5DFBDD3229CDB331004E0B78 /* Frameworks */ = {
			isa = PBXFrameworksBuildPhase;
			buildActionMask = 2147483647;
			files = (
				5686F67893725C727BAED9C4 /* Pods_RealmTutorialOfCRUDAppTests.framework in Frameworks */,
			);
			runOnlyForDeploymentPostprocessing = 0;
		};
		5DFBDD3C29CDB331004E0B78 /* Frameworks */ = {
			isa = PBXFrameworksBuildPhase;
			buildActionMask = 2147483647;
			files = (
				D57D34727FC170202D46AB8B /* Pods_RealmTutorialOfCRUDApp_RealmTutorialOfCRUDAppUITests.framework in Frameworks */,
			);
			runOnlyForDeploymentPostprocessing = 0;
		};
/* End PBXFrameworksBuildPhase section */

/* Begin PBXGroup section */
		14421887532426D4538C4342 /* Pods */ = {
			isa = PBXGroup;
			children = (
				065CA9F6DFB4B913EB8332F5 /* Pods-RealmTutorialOfCRUDApp.debug.xcconfig */,
				8ACB953EDA17A40F95B35735 /* Pods-RealmTutorialOfCRUDApp.release.xcconfig */,
				11F8E0075DA1FE6FFA2E1845 /* Pods-RealmTutorialOfCRUDApp-RealmTutorialOfCRUDAppUITests.debug.xcconfig */,
				93C9009012C60103B90967F3 /* Pods-RealmTutorialOfCRUDApp-RealmTutorialOfCRUDAppUITests.release.xcconfig */,
				A3C7394D371879A2F258EC32 /* Pods-RealmTutorialOfCRUDAppTests.debug.xcconfig */,
				542F8DDD6503FB6650A52F3C /* Pods-RealmTutorialOfCRUDAppTests.release.xcconfig */,
			);
			path = Pods;
			sourceTree = "<group>";
		};
		5402D20E304F182CA9658931 /* Frameworks */ = {
			isa = PBXGroup;
			children = (
				8765AA0E5B4E0BE9E33D8EB0 /* Pods_RealmTutorialOfCRUDApp.framework */,
				F1BA7DF170B203B300BB9B1F /* Pods_RealmTutorialOfCRUDApp_RealmTutorialOfCRUDAppUITests.framework */,
				CA9A990794EDA98D16DDDD87 /* Pods_RealmTutorialOfCRUDAppTests.framework */,
			);
			name = Frameworks;
			sourceTree = "<group>";
		};
		5DFBDD1629CDB32F004E0B78 = {
			isa = PBXGroup;
			children = (
				5DFBDD2129CDB32F004E0B78 /* RealmTutorialOfCRUDApp */,
				5DFBDD3829CDB331004E0B78 /* RealmTutorialOfCRUDAppTests */,
				5DFBDD4229CDB331004E0B78 /* RealmTutorialOfCRUDAppUITests */,
				5DFBDD2029CDB32F004E0B78 /* Products */,
				14421887532426D4538C4342 /* Pods */,
				5402D20E304F182CA9658931 /* Frameworks */,
			);
			sourceTree = "<group>";
		};
		5DFBDD2029CDB32F004E0B78 /* Products */ = {
			isa = PBXGroup;
			children = (
				5DFBDD1F29CDB32F004E0B78 /* RealmTutorialOfCRUDApp.app */,
				5DFBDD3529CDB331004E0B78 /* RealmTutorialOfCRUDAppTests.xctest */,
				5DFBDD3F29CDB331004E0B78 /* RealmTutorialOfCRUDAppUITests.xctest */,
			);
			name = Products;
			sourceTree = "<group>";
		};
		5DFBDD2129CDB32F004E0B78 /* RealmTutorialOfCRUDApp */ = {
			isa = PBXGroup;
			children = (
				5DFBDD6129CDB9AE004E0B78 /* Extention */,
				5DFBDD6E29CDCA93004E0B78 /* Data */,
				5DFBDD6A29CDC9F9004E0B78 /* Domain */,
				5DFBDD5329CDB6D1004E0B78 /* Presentation */,
				5DFBDD2229CDB32F004E0B78 /* AppDelegate.swift */,
				5DFBDD2429CDB32F004E0B78 /* SceneDelegate.swift */,
				5DFBDD2629CDB32F004E0B78 /* ViewController.swift */,
				5DFBDD2B29CDB331004E0B78 /* Assets.xcassets */,
				5DFBDD2D29CDB331004E0B78 /* LaunchScreen.storyboard */,
				5DFBDD3029CDB331004E0B78 /* Info.plist */,
			);
			path = RealmTutorialOfCRUDApp;
			sourceTree = "<group>";
		};
		5DFBDD3829CDB331004E0B78 /* RealmTutorialOfCRUDAppTests */ = {
			isa = PBXGroup;
			children = (
				5DFBDD3929CDB331004E0B78 /* RealmTutorialOfCRUDAppTests.swift */,
			);
			path = RealmTutorialOfCRUDAppTests;
			sourceTree = "<group>";
		};
		5DFBDD4229CDB331004E0B78 /* RealmTutorialOfCRUDAppUITests */ = {
			isa = PBXGroup;
			children = (
				5DFBDD4329CDB331004E0B78 /* RealmTutorialOfCRUDAppUITests.swift */,
				5DFBDD4529CDB331004E0B78 /* RealmTutorialOfCRUDAppUITestsLaunchTests.swift */,
			);
			path = RealmTutorialOfCRUDAppUITests;
			sourceTree = "<group>";
		};
		5DFBDD5229CDB6B6004E0B78 /* TodoList */ = {
			isa = PBXGroup;
			children = (
				5DFBDD5C29CDB8DD004E0B78 /* Cell */,
				5DFBDD5529CDB700004E0B78 /* Controller */,
				5DFBDD5429CDB6F9004E0B78 /* Presenter */,
			);
			path = TodoList;
			sourceTree = "<group>";
		};
		5DFBDD5329CDB6D1004E0B78 /* Presentation */ = {
			isa = PBXGroup;
			children = (
				5DFBDD7829CDF30D004E0B78 /* TodoDetaile */,
				5DFBDD5229CDB6B6004E0B78 /* TodoList */,
			);
			name = Presentation;
			sourceTree = "<group>";
		};
		5DFBDD5429CDB6F9004E0B78 /* Presenter */ = {
			isa = PBXGroup;
			children = (
				5DFBDD5A29CDB748004E0B78 /* TodoListPresenter.swift */,
			);
			path = Presenter;
			sourceTree = "<group>";
		};
		5DFBDD5529CDB700004E0B78 /* Controller */ = {
			isa = PBXGroup;
			children = (
				5DFBDD5629CDB712004E0B78 /* TodoListViewController.swift */,
				5DFBDD5829CDB728004E0B78 /* TodoListViewController.xib */,
			);
			path = Controller;
			sourceTree = "<group>";
		};
		5DFBDD5C29CDB8DD004E0B78 /* Cell */ = {
			isa = PBXGroup;
			children = (
				5DFBDD5D29CDB8F5004E0B78 /* TodoListTableViewCell.swift */,
				5DFBDD5F29CDB913004E0B78 /* TodoListTableViewCell.xib */,
			);
			path = Cell;
			sourceTree = "<group>";
		};
		5DFBDD6129CDB9AE004E0B78 /* Extention */ = {
			isa = PBXGroup;
			children = (
				5DFBDD6729CDB9FF004E0B78 /* NSObject */,
				5DFBDD6229CDB9B6004E0B78 /* UIKit */,
			);
			name = Extention;
			sourceTree = "<group>";
		};
		5DFBDD6229CDB9B6004E0B78 /* UIKit */ = {
			isa = PBXGroup;
			children = (
				5DFBDD6329CDB9C2004E0B78 /* UITableView+.swift */,
				5DFBDD6529CDB9E9004E0B78 /* UITableViewCell+.swift */,
			);
			name = UIKit;
			sourceTree = "<group>";
		};
		5DFBDD6729CDB9FF004E0B78 /* NSObject */ = {
			isa = PBXGroup;
			children = (
				5DFBDD6829CDBA11004E0B78 /* NSObjectProtocol+.swift */,
			);
			name = NSObject;
			sourceTree = "<group>";
		};
		5DFBDD6A29CDC9F9004E0B78 /* Domain */ = {
			isa = PBXGroup;
			children = (
				5DFBDD6B29CDCA05004E0B78 /* UseCase */,
			);
			name = Domain;
			sourceTree = "<group>";
		};
		5DFBDD6B29CDCA05004E0B78 /* UseCase */ = {
			isa = PBXGroup;
			children = (
				5DFBDD6C29CDCA2B004E0B78 /* RegisterTodoUseCase.swift */,
				5DFBDD8129CE513D004E0B78 /* TodoDetailUseCase.swift */,
			);
			name = UseCase;
			sourceTree = "<group>";
		};
		5DFBDD6E29CDCA93004E0B78 /* Data */ = {
			isa = PBXGroup;
			children = (
				5DFBDD8F29CF0989004E0B78 /* Utils */,
				5DFBDD8C29CF041D004E0B78 /* FetchTodoListWithQuery */,
				5DFBDD8929CEDBC0004E0B78 /* DeleteTodo */,
				5DFBDD8629CED2BA004E0B78 /* DeleteAllTodos */,
				5DFBDD8329CE52E2004E0B78 /* UpdateTodo */,
				5DFBDD7529CDD028004E0B78 /* FetchTodoList */,
				5DFBDD7229CDCB1D004E0B78 /* Model */,
				5DFBDD6F29CDCA9E004E0B78 /* RegisterTodo */,
			);
			name = Data;
			sourceTree = "<group>";
		};
		5DFBDD6F29CDCA9E004E0B78 /* RegisterTodo */ = {
			isa = PBXGroup;
			children = (
				5DFBDD7029CDCAC2004E0B78 /* RegisterTodoDataStore.swift */,
			);
			name = RegisterTodo;
			sourceTree = "<group>";
		};
		5DFBDD7229CDCB1D004E0B78 /* Model */ = {
			isa = PBXGroup;
			children = (
				5DFBDD7329CDCB29004E0B78 /* TodoModel.swift */,
				5DFBDD9229CF0D12004E0B78 /* GenerateUUIDService.swift */,
			);
			name = Model;
			sourceTree = "<group>";
		};
		5DFBDD7529CDD028004E0B78 /* FetchTodoList */ = {
			isa = PBXGroup;
			children = (
				5DFBDD7629CDD03A004E0B78 /* FetchTodoListDataStore.swift */,
			);
			name = FetchTodoList;
			sourceTree = "<group>";
		};
		5DFBDD7829CDF30D004E0B78 /* TodoDetaile */ = {
			isa = PBXGroup;
			children = (
				5DFBDD7A29CDF320004E0B78 /* Presenter */,
				5DFBDD7929CDF316004E0B78 /* Controller */,
			);
			path = TodoDetaile;
			sourceTree = "<group>";
		};
		5DFBDD7929CDF316004E0B78 /* Controller */ = {
			isa = PBXGroup;
			children = (
				5DFBDD7B29CDF334004E0B78 /* TodoDetailViewController.swift */,
				5DFBDD7D29CDF34F004E0B78 /* TodoDetailViewController.xib */,
			);
			path = Controller;
			sourceTree = "<group>";
		};
		5DFBDD7A29CDF320004E0B78 /* Presenter */ = {
			isa = PBXGroup;
			children = (
				5DFBDD7F29CDF404004E0B78 /* TodoDetailPresenter.swift */,
			);
			path = Presenter;
			sourceTree = "<group>";
		};
		5DFBDD8329CE52E2004E0B78 /* UpdateTodo */ = {
			isa = PBXGroup;
			children = (
				5DFBDD8429CE5305004E0B78 /* UpdateTodoDataStore.swift */,
			);
			name = UpdateTodo;
			sourceTree = "<group>";
		};
		5DFBDD8629CED2BA004E0B78 /* DeleteAllTodos */ = {
			isa = PBXGroup;
			children = (
				5DFBDD8729CED2EF004E0B78 /* DeleteAllTodosDataStore.swift */,
			);
			name = DeleteAllTodos;
			sourceTree = "<group>";
		};
		5DFBDD8929CEDBC0004E0B78 /* DeleteTodo */ = {
			isa = PBXGroup;
			children = (
				5DFBDD8A29CEDBDA004E0B78 /* DeleteTodoDataStore.swift */,
			);
			name = DeleteTodo;
			sourceTree = "<group>";
		};
		5DFBDD8C29CF041D004E0B78 /* FetchTodoListWithQuery */ = {
			isa = PBXGroup;
			children = (
				5DFBDD8D29CF0475004E0B78 /* FetchTodoListWithQueryDataStore.swift */,
			);
			name = FetchTodoListWithQuery;
			sourceTree = "<group>";
		};
		5DFBDD8F29CF0989004E0B78 /* Utils */ = {
			isa = PBXGroup;
			children = (
				5DFBDD9029CF09CA004E0B78 /* RealmDBConverter.swift */,
			);
			name = Utils;
			sourceTree = "<group>";
		};
/* End PBXGroup section */

/* Begin PBXNativeTarget section */
		5DFBDD1E29CDB32F004E0B78 /* RealmTutorialOfCRUDApp */ = {
			isa = PBXNativeTarget;
			buildConfigurationList = 5DFBDD4929CDB331004E0B78 /* Build configuration list for PBXNativeTarget "RealmTutorialOfCRUDApp" */;
			buildPhases = (
				5E0366FE327D4D66D2BC853A /* [CP] Check Pods Manifest.lock */,
				5DFBDD1B29CDB32F004E0B78 /* Sources */,
				5DFBDD1C29CDB32F004E0B78 /* Frameworks */,
				5DFBDD1D29CDB32F004E0B78 /* Resources */,
				7E71557852634CFB6924AB24 /* [CP] Embed Pods Frameworks */,
			);
			buildRules = (
			);
			dependencies = (
			);
			name = RealmTutorialOfCRUDApp;
			productName = RealmTutorialOfCRUDApp;
			productReference = 5DFBDD1F29CDB32F004E0B78 /* RealmTutorialOfCRUDApp.app */;
			productType = "com.apple.product-type.application";
		};
		5DFBDD3429CDB331004E0B78 /* RealmTutorialOfCRUDAppTests */ = {
			isa = PBXNativeTarget;
			buildConfigurationList = 5DFBDD4C29CDB331004E0B78 /* Build configuration list for PBXNativeTarget "RealmTutorialOfCRUDAppTests" */;
			buildPhases = (
				AABA1FC24A3330E4F5C72D28 /* [CP] Check Pods Manifest.lock */,
				5DFBDD3129CDB331004E0B78 /* Sources */,
				5DFBDD3229CDB331004E0B78 /* Frameworks */,
				5DFBDD3329CDB331004E0B78 /* Resources */,
			);
			buildRules = (
			);
			dependencies = (
				5DFBDD3729CDB331004E0B78 /* PBXTargetDependency */,
			);
			name = RealmTutorialOfCRUDAppTests;
			productName = RealmTutorialOfCRUDAppTests;
			productReference = 5DFBDD3529CDB331004E0B78 /* RealmTutorialOfCRUDAppTests.xctest */;
			productType = "com.apple.product-type.bundle.unit-test";
		};
		5DFBDD3E29CDB331004E0B78 /* RealmTutorialOfCRUDAppUITests */ = {
			isa = PBXNativeTarget;
			buildConfigurationList = 5DFBDD4F29CDB331004E0B78 /* Build configuration list for PBXNativeTarget "RealmTutorialOfCRUDAppUITests" */;
			buildPhases = (
				A75BF1F9D6AC40DFB107A1E0 /* [CP] Check Pods Manifest.lock */,
				5DFBDD3B29CDB331004E0B78 /* Sources */,
				5DFBDD3C29CDB331004E0B78 /* Frameworks */,
				5DFBDD3D29CDB331004E0B78 /* Resources */,
				67F096B49C3FD7C37EFCC632 /* [CP] Embed Pods Frameworks */,
			);
			buildRules = (
			);
			dependencies = (
				5DFBDD4129CDB331004E0B78 /* PBXTargetDependency */,
			);
			name = RealmTutorialOfCRUDAppUITests;
			productName = RealmTutorialOfCRUDAppUITests;
			productReference = 5DFBDD3F29CDB331004E0B78 /* RealmTutorialOfCRUDAppUITests.xctest */;
			productType = "com.apple.product-type.bundle.ui-testing";
		};
/* End PBXNativeTarget section */

/* Begin PBXProject section */
		5DFBDD1729CDB32F004E0B78 /* Project object */ = {
			isa = PBXProject;
			attributes = {
				BuildIndependentTargetsInParallel = 1;
				LastSwiftUpdateCheck = 1400;
				LastUpgradeCheck = 1400;
				TargetAttributes = {
					5DFBDD1E29CDB32F004E0B78 = {
						CreatedOnToolsVersion = 14.0;
					};
					5DFBDD3429CDB331004E0B78 = {
						CreatedOnToolsVersion = 14.0;
						TestTargetID = 5DFBDD1E29CDB32F004E0B78;
					};
					5DFBDD3E29CDB331004E0B78 = {
						CreatedOnToolsVersion = 14.0;
						TestTargetID = 5DFBDD1E29CDB32F004E0B78;
					};
				};
			};
			buildConfigurationList = 5DFBDD1A29CDB32F004E0B78 /* Build configuration list for PBXProject "RealmTutorialOfCRUDApp" */;
			compatibilityVersion = "Xcode 14.0";
			developmentRegion = en;
			hasScannedForEncodings = 0;
			knownRegions = (
				en,
				Base,
			);
			mainGroup = 5DFBDD1629CDB32F004E0B78;
			productRefGroup = 5DFBDD2029CDB32F004E0B78 /* Products */;
			projectDirPath = "";
			projectRoot = "";
			targets = (
				5DFBDD1E29CDB32F004E0B78 /* RealmTutorialOfCRUDApp */,
				5DFBDD3429CDB331004E0B78 /* RealmTutorialOfCRUDAppTests */,
				5DFBDD3E29CDB331004E0B78 /* RealmTutorialOfCRUDAppUITests */,
			);
		};
/* End PBXProject section */

/* Begin PBXResourcesBuildPhase section */
		5DFBDD1D29CDB32F004E0B78 /* Resources */ = {
			isa = PBXResourcesBuildPhase;
			buildActionMask = 2147483647;
			files = (
				5DFBDD5929CDB729004E0B78 /* TodoListViewController.xib in Resources */,
				5DFBDD7E29CDF34F004E0B78 /* TodoDetailViewController.xib in Resources */,
				5DFBDD2F29CDB331004E0B78 /* LaunchScreen.storyboard in Resources */,
				5DFBDD6029CDB913004E0B78 /* TodoListTableViewCell.xib in Resources */,
				5DFBDD2C29CDB331004E0B78 /* Assets.xcassets in Resources */,
			);
			runOnlyForDeploymentPostprocessing = 0;
		};
		5DFBDD3329CDB331004E0B78 /* Resources */ = {
			isa = PBXResourcesBuildPhase;
			buildActionMask = 2147483647;
			files = (
			);
			runOnlyForDeploymentPostprocessing = 0;
		};
		5DFBDD3D29CDB331004E0B78 /* Resources */ = {
			isa = PBXResourcesBuildPhase;
			buildActionMask = 2147483647;
			files = (
			);
			runOnlyForDeploymentPostprocessing = 0;
		};
/* End PBXResourcesBuildPhase section */

/* Begin PBXShellScriptBuildPhase section */
		5E0366FE327D4D66D2BC853A /* [CP] Check Pods Manifest.lock */ = {
			isa = PBXShellScriptBuildPhase;
			buildActionMask = 2147483647;
			files = (
			);
			inputFileListPaths = (
			);
			inputPaths = (
				"${PODS_PODFILE_DIR_PATH}/Podfile.lock",
				"${PODS_ROOT}/Manifest.lock",
			);
			name = "[CP] Check Pods Manifest.lock";
			outputFileListPaths = (
			);
			outputPaths = (
				"$(DERIVED_FILE_DIR)/Pods-RealmTutorialOfCRUDApp-checkManifestLockResult.txt",
			);
			runOnlyForDeploymentPostprocessing = 0;
			shellPath = /bin/sh;
			shellScript = "diff \"${PODS_PODFILE_DIR_PATH}/Podfile.lock\" \"${PODS_ROOT}/Manifest.lock\" > /dev/null\nif [ $? != 0 ] ; then\n    # print error to STDERR\n    echo \"error: The sandbox is not in sync with the Podfile.lock. Run 'pod install' or update your CocoaPods installation.\" >&2\n    exit 1\nfi\n# This output is used by Xcode 'outputs' to avoid re-running this script phase.\necho \"SUCCESS\" > \"${SCRIPT_OUTPUT_FILE_0}\"\n";
			showEnvVarsInLog = 0;
		};
		67F096B49C3FD7C37EFCC632 /* [CP] Embed Pods Frameworks */ = {
			isa = PBXShellScriptBuildPhase;
			buildActionMask = 2147483647;
			files = (
			);
			inputFileListPaths = (
				"${PODS_ROOT}/Target Support Files/Pods-RealmTutorialOfCRUDApp-RealmTutorialOfCRUDAppUITests/Pods-RealmTutorialOfCRUDApp-RealmTutorialOfCRUDAppUITests-frameworks-${CONFIGURATION}-input-files.xcfilelist",
			);
			name = "[CP] Embed Pods Frameworks";
			outputFileListPaths = (
				"${PODS_ROOT}/Target Support Files/Pods-RealmTutorialOfCRUDApp-RealmTutorialOfCRUDAppUITests/Pods-RealmTutorialOfCRUDApp-RealmTutorialOfCRUDAppUITests-frameworks-${CONFIGURATION}-output-files.xcfilelist",
			);
			runOnlyForDeploymentPostprocessing = 0;
			shellPath = /bin/sh;
			shellScript = "\"${PODS_ROOT}/Target Support Files/Pods-RealmTutorialOfCRUDApp-RealmTutorialOfCRUDAppUITests/Pods-RealmTutorialOfCRUDApp-RealmTutorialOfCRUDAppUITests-frameworks.sh\"\n";
			showEnvVarsInLog = 0;
		};
		7E71557852634CFB6924AB24 /* [CP] Embed Pods Frameworks */ = {
			isa = PBXShellScriptBuildPhase;
			buildActionMask = 2147483647;
			files = (
			);
			inputFileListPaths = (
				"${PODS_ROOT}/Target Support Files/Pods-RealmTutorialOfCRUDApp/Pods-RealmTutorialOfCRUDApp-frameworks-${CONFIGURATION}-input-files.xcfilelist",
			);
			name = "[CP] Embed Pods Frameworks";
			outputFileListPaths = (
				"${PODS_ROOT}/Target Support Files/Pods-RealmTutorialOfCRUDApp/Pods-RealmTutorialOfCRUDApp-frameworks-${CONFIGURATION}-output-files.xcfilelist",
			);
			runOnlyForDeploymentPostprocessing = 0;
			shellPath = /bin/sh;
			shellScript = "\"${PODS_ROOT}/Target Support Files/Pods-RealmTutorialOfCRUDApp/Pods-RealmTutorialOfCRUDApp-frameworks.sh\"\n";
			showEnvVarsInLog = 0;
		};
		A75BF1F9D6AC40DFB107A1E0 /* [CP] Check Pods Manifest.lock */ = {
			isa = PBXShellScriptBuildPhase;
			buildActionMask = 2147483647;
			files = (
			);
			inputFileListPaths = (
			);
			inputPaths = (
				"${PODS_PODFILE_DIR_PATH}/Podfile.lock",
				"${PODS_ROOT}/Manifest.lock",
			);
			name = "[CP] Check Pods Manifest.lock";
			outputFileListPaths = (
			);
			outputPaths = (
				"$(DERIVED_FILE_DIR)/Pods-RealmTutorialOfCRUDApp-RealmTutorialOfCRUDAppUITests-checkManifestLockResult.txt",
			);
			runOnlyForDeploymentPostprocessing = 0;
			shellPath = /bin/sh;
			shellScript = "diff \"${PODS_PODFILE_DIR_PATH}/Podfile.lock\" \"${PODS_ROOT}/Manifest.lock\" > /dev/null\nif [ $? != 0 ] ; then\n    # print error to STDERR\n    echo \"error: The sandbox is not in sync with the Podfile.lock. Run 'pod install' or update your CocoaPods installation.\" >&2\n    exit 1\nfi\n# This output is used by Xcode 'outputs' to avoid re-running this script phase.\necho \"SUCCESS\" > \"${SCRIPT_OUTPUT_FILE_0}\"\n";
			showEnvVarsInLog = 0;
		};
		AABA1FC24A3330E4F5C72D28 /* [CP] Check Pods Manifest.lock */ = {
			isa = PBXShellScriptBuildPhase;
			buildActionMask = 2147483647;
			files = (
			);
			inputFileListPaths = (
			);
			inputPaths = (
				"${PODS_PODFILE_DIR_PATH}/Podfile.lock",
				"${PODS_ROOT}/Manifest.lock",
			);
			name = "[CP] Check Pods Manifest.lock";
			outputFileListPaths = (
			);
			outputPaths = (
				"$(DERIVED_FILE_DIR)/Pods-RealmTutorialOfCRUDAppTests-checkManifestLockResult.txt",
			);
			runOnlyForDeploymentPostprocessing = 0;
			shellPath = /bin/sh;
			shellScript = "diff \"${PODS_PODFILE_DIR_PATH}/Podfile.lock\" \"${PODS_ROOT}/Manifest.lock\" > /dev/null\nif [ $? != 0 ] ; then\n    # print error to STDERR\n    echo \"error: The sandbox is not in sync with the Podfile.lock. Run 'pod install' or update your CocoaPods installation.\" >&2\n    exit 1\nfi\n# This output is used by Xcode 'outputs' to avoid re-running this script phase.\necho \"SUCCESS\" > \"${SCRIPT_OUTPUT_FILE_0}\"\n";
			showEnvVarsInLog = 0;
		};
/* End PBXShellScriptBuildPhase section */

/* Begin PBXSourcesBuildPhase section */
		5DFBDD1B29CDB32F004E0B78 /* Sources */ = {
			isa = PBXSourcesBuildPhase;
			buildActionMask = 2147483647;
			files = (
				5DFBDD5729CDB712004E0B78 /* TodoListViewController.swift in Sources */,
				5DFBDD8E29CF0475004E0B78 /* FetchTodoListWithQueryDataStore.swift in Sources */,
				5DFBDD6929CDBA11004E0B78 /* NSObjectProtocol+.swift in Sources */,
				5DFBDD2729CDB32F004E0B78 /* ViewController.swift in Sources */,
				5DFBDD8529CE5305004E0B78 /* UpdateTodoDataStore.swift in Sources */,
				5DFBDD9329CF0D12004E0B78 /* GenerateUUIDService.swift in Sources */,
				5DFBDD5B29CDB748004E0B78 /* TodoListPresenter.swift in Sources */,
				5DFBDD8229CE513D004E0B78 /* TodoDetailUseCase.swift in Sources */,
				5DFBDD9129CF09CA004E0B78 /* RealmDBConverter.swift in Sources */,
				5DFBDD6429CDB9C2004E0B78 /* UITableView+.swift in Sources */,
				5DFBDD7129CDCAC2004E0B78 /* RegisterTodoDataStore.swift in Sources */,
				5DFBDD8029CDF404004E0B78 /* TodoDetailPresenter.swift in Sources */,
				5DFBDD2329CDB32F004E0B78 /* AppDelegate.swift in Sources */,
				5DFBDD8829CED2EF004E0B78 /* DeleteAllTodosDataStore.swift in Sources */,
				5DFBDD6629CDB9E9004E0B78 /* UITableViewCell+.swift in Sources */,
				5DFBDD2529CDB32F004E0B78 /* SceneDelegate.swift in Sources */,
				5DFBDD7429CDCB29004E0B78 /* TodoModel.swift in Sources */,
				5DFBDD6D29CDCA2B004E0B78 /* RegisterTodoUseCase.swift in Sources */,
				5DFBDD7729CDD03A004E0B78 /* FetchTodoListDataStore.swift in Sources */,
				5DFBDD8B29CEDBDA004E0B78 /* DeleteTodoDataStore.swift in Sources */,
				5DFBDD5E29CDB8F5004E0B78 /* TodoListTableViewCell.swift in Sources */,
				5DFBDD7C29CDF334004E0B78 /* TodoDetailViewController.swift in Sources */,
			);
			runOnlyForDeploymentPostprocessing = 0;
		};
		5DFBDD3129CDB331004E0B78 /* Sources */ = {
			isa = PBXSourcesBuildPhase;
			buildActionMask = 2147483647;
			files = (
				5DFBDD3A29CDB331004E0B78 /* RealmTutorialOfCRUDAppTests.swift in Sources */,
			);
			runOnlyForDeploymentPostprocessing = 0;
		};
		5DFBDD3B29CDB331004E0B78 /* Sources */ = {
			isa = PBXSourcesBuildPhase;
			buildActionMask = 2147483647;
			files = (
				5DFBDD4429CDB331004E0B78 /* RealmTutorialOfCRUDAppUITests.swift in Sources */,
				5DFBDD4629CDB331004E0B78 /* RealmTutorialOfCRUDAppUITestsLaunchTests.swift in Sources */,
			);
			runOnlyForDeploymentPostprocessing = 0;
		};
/* End PBXSourcesBuildPhase section */

/* Begin PBXTargetDependency section */
		5DFBDD3729CDB331004E0B78 /* PBXTargetDependency */ = {
			isa = PBXTargetDependency;
			target = 5DFBDD1E29CDB32F004E0B78 /* RealmTutorialOfCRUDApp */;
			targetProxy = 5DFBDD3629CDB331004E0B78 /* PBXContainerItemProxy */;
		};
		5DFBDD4129CDB331004E0B78 /* PBXTargetDependency */ = {
			isa = PBXTargetDependency;
			target = 5DFBDD1E29CDB32F004E0B78 /* RealmTutorialOfCRUDApp */;
			targetProxy = 5DFBDD4029CDB331004E0B78 /* PBXContainerItemProxy */;
		};
/* End PBXTargetDependency section */

/* Begin PBXVariantGroup section */
		5DFBDD2D29CDB331004E0B78 /* LaunchScreen.storyboard */ = {
			isa = PBXVariantGroup;
			children = (
				5DFBDD2E29CDB331004E0B78 /* Base */,
			);
			name = LaunchScreen.storyboard;
			sourceTree = "<group>";
		};
/* End PBXVariantGroup section */

/* Begin XCBuildConfiguration section */
		5DFBDD4729CDB331004E0B78 /* Debug */ = {
			isa = XCBuildConfiguration;
			buildSettings = {
				ALWAYS_SEARCH_USER_PATHS = NO;
				CLANG_ANALYZER_NONNULL = YES;
				CLANG_ANALYZER_NUMBER_OBJECT_CONVERSION = YES_AGGRESSIVE;
				CLANG_CXX_LANGUAGE_STANDARD = "gnu++20";
				CLANG_ENABLE_MODULES = YES;
				CLANG_ENABLE_OBJC_ARC = YES;
				CLANG_ENABLE_OBJC_WEAK = YES;
				CLANG_WARN_BLOCK_CAPTURE_AUTORELEASING = YES;
				CLANG_WARN_BOOL_CONVERSION = YES;
				CLANG_WARN_COMMA = YES;
				CLANG_WARN_CONSTANT_CONVERSION = YES;
				CLANG_WARN_DEPRECATED_OBJC_IMPLEMENTATIONS = YES;
				CLANG_WARN_DIRECT_OBJC_ISA_USAGE = YES_ERROR;
				CLANG_WARN_DOCUMENTATION_COMMENTS = YES;
				CLANG_WARN_EMPTY_BODY = YES;
				CLANG_WARN_ENUM_CONVERSION = YES;
				CLANG_WARN_INFINITE_RECURSION = YES;
				CLANG_WARN_INT_CONVERSION = YES;
				CLANG_WARN_NON_LITERAL_NULL_CONVERSION = YES;
				CLANG_WARN_OBJC_IMPLICIT_RETAIN_SELF = YES;
				CLANG_WARN_OBJC_LITERAL_CONVERSION = YES;
				CLANG_WARN_OBJC_ROOT_CLASS = YES_ERROR;
				CLANG_WARN_QUOTED_INCLUDE_IN_FRAMEWORK_HEADER = YES;
				CLANG_WARN_RANGE_LOOP_ANALYSIS = YES;
				CLANG_WARN_STRICT_PROTOTYPES = YES;
				CLANG_WARN_SUSPICIOUS_MOVE = YES;
				CLANG_WARN_UNGUARDED_AVAILABILITY = YES_AGGRESSIVE;
				CLANG_WARN_UNREACHABLE_CODE = YES;
				CLANG_WARN__DUPLICATE_METHOD_MATCH = YES;
				COPY_PHASE_STRIP = NO;
				DEBUG_INFORMATION_FORMAT = dwarf;
				ENABLE_STRICT_OBJC_MSGSEND = YES;
				ENABLE_TESTABILITY = YES;
				GCC_C_LANGUAGE_STANDARD = gnu11;
				GCC_DYNAMIC_NO_PIC = NO;
				GCC_NO_COMMON_BLOCKS = YES;
				GCC_OPTIMIZATION_LEVEL = 0;
				GCC_PREPROCESSOR_DEFINITIONS = (
					"DEBUG=1",
					"$(inherited)",
				);
				GCC_WARN_64_TO_32_BIT_CONVERSION = YES;
				GCC_WARN_ABOUT_RETURN_TYPE = YES_ERROR;
				GCC_WARN_UNDECLARED_SELECTOR = YES;
				GCC_WARN_UNINITIALIZED_AUTOS = YES_AGGRESSIVE;
				GCC_WARN_UNUSED_FUNCTION = YES;
				GCC_WARN_UNUSED_VARIABLE = YES;
				IPHONEOS_DEPLOYMENT_TARGET = 16.0;
				MTL_ENABLE_DEBUG_INFO = INCLUDE_SOURCE;
				MTL_FAST_MATH = YES;
				ONLY_ACTIVE_ARCH = YES;
				SDKROOT = iphoneos;
				SWIFT_ACTIVE_COMPILATION_CONDITIONS = DEBUG;
				SWIFT_OPTIMIZATION_LEVEL = "-Onone";
			};
			name = Debug;
		};
		5DFBDD4829CDB331004E0B78 /* Release */ = {
			isa = XCBuildConfiguration;
			buildSettings = {
				ALWAYS_SEARCH_USER_PATHS = NO;
				CLANG_ANALYZER_NONNULL = YES;
				CLANG_ANALYZER_NUMBER_OBJECT_CONVERSION = YES_AGGRESSIVE;
				CLANG_CXX_LANGUAGE_STANDARD = "gnu++20";
				CLANG_ENABLE_MODULES = YES;
				CLANG_ENABLE_OBJC_ARC = YES;
				CLANG_ENABLE_OBJC_WEAK = YES;
				CLANG_WARN_BLOCK_CAPTURE_AUTORELEASING = YES;
				CLANG_WARN_BOOL_CONVERSION = YES;
				CLANG_WARN_COMMA = YES;
				CLANG_WARN_CONSTANT_CONVERSION = YES;
				CLANG_WARN_DEPRECATED_OBJC_IMPLEMENTATIONS = YES;
				CLANG_WARN_DIRECT_OBJC_ISA_USAGE = YES_ERROR;
				CLANG_WARN_DOCUMENTATION_COMMENTS = YES;
				CLANG_WARN_EMPTY_BODY = YES;
				CLANG_WARN_ENUM_CONVERSION = YES;
				CLANG_WARN_INFINITE_RECURSION = YES;
				CLANG_WARN_INT_CONVERSION = YES;
				CLANG_WARN_NON_LITERAL_NULL_CONVERSION = YES;
				CLANG_WARN_OBJC_IMPLICIT_RETAIN_SELF = YES;
				CLANG_WARN_OBJC_LITERAL_CONVERSION = YES;
				CLANG_WARN_OBJC_ROOT_CLASS = YES_ERROR;
				CLANG_WARN_QUOTED_INCLUDE_IN_FRAMEWORK_HEADER = YES;
				CLANG_WARN_RANGE_LOOP_ANALYSIS = YES;
				CLANG_WARN_STRICT_PROTOTYPES = YES;
				CLANG_WARN_SUSPICIOUS_MOVE = YES;
				CLANG_WARN_UNGUARDED_AVAILABILITY = YES_AGGRESSIVE;
				CLANG_WARN_UNREACHABLE_CODE = YES;
				CLANG_WARN__DUPLICATE_METHOD_MATCH = YES;
				COPY_PHASE_STRIP = NO;
				DEBUG_INFORMATION_FORMAT = "dwarf-with-dsym";
				ENABLE_NS_ASSERTIONS = NO;
				ENABLE_STRICT_OBJC_MSGSEND = YES;
				GCC_C_LANGUAGE_STANDARD = gnu11;
				GCC_NO_COMMON_BLOCKS = YES;
				GCC_WARN_64_TO_32_BIT_CONVERSION = YES;
				GCC_WARN_ABOUT_RETURN_TYPE = YES_ERROR;
				GCC_WARN_UNDECLARED_SELECTOR = YES;
				GCC_WARN_UNINITIALIZED_AUTOS = YES_AGGRESSIVE;
				GCC_WARN_UNUSED_FUNCTION = YES;
				GCC_WARN_UNUSED_VARIABLE = YES;
				IPHONEOS_DEPLOYMENT_TARGET = 16.0;
				MTL_ENABLE_DEBUG_INFO = NO;
				MTL_FAST_MATH = YES;
				SDKROOT = iphoneos;
				SWIFT_COMPILATION_MODE = wholemodule;
				SWIFT_OPTIMIZATION_LEVEL = "-O";
				VALIDATE_PRODUCT = YES;
			};
			name = Release;
		};
		5DFBDD4A29CDB331004E0B78 /* Debug */ = {
			isa = XCBuildConfiguration;
			baseConfigurationReference = 065CA9F6DFB4B913EB8332F5 /* Pods-RealmTutorialOfCRUDApp.debug.xcconfig */;
			buildSettings = {
				ASSETCATALOG_COMPILER_APPICON_NAME = AppIcon;
				ASSETCATALOG_COMPILER_GLOBAL_ACCENT_COLOR_NAME = AccentColor;
				CODE_SIGN_STYLE = Automatic;
				CURRENT_PROJECT_VERSION = 1;
				DEVELOPMENT_TEAM = XP8M87ULF2;
				GENERATE_INFOPLIST_FILE = YES;
				INFOPLIST_FILE = RealmTutorialOfCRUDApp/Info.plist;
				INFOPLIST_KEY_UIApplicationSupportsIndirectInputEvents = YES;
				INFOPLIST_KEY_UILaunchStoryboardName = LaunchScrean;
				INFOPLIST_KEY_UISupportedInterfaceOrientations_iPad = "UIInterfaceOrientationPortrait UIInterfaceOrientationPortraitUpsideDown UIInterfaceOrientationLandscapeLeft UIInterfaceOrientationLandscapeRight";
				INFOPLIST_KEY_UISupportedInterfaceOrientations_iPhone = "UIInterfaceOrientationPortrait UIInterfaceOrientationLandscapeLeft UIInterfaceOrientationLandscapeRight";
				LD_RUNPATH_SEARCH_PATHS = (
					"$(inherited)",
					"@executable_path/Frameworks",
				);
				MARKETING_VERSION = 1.0;
				PRODUCT_BUNDLE_IDENTIFIER = com.shohiiiiiii.RealmTutorialOfCRUDApp;
				PRODUCT_NAME = "$(TARGET_NAME)";
				SWIFT_EMIT_LOC_STRINGS = YES;
				SWIFT_VERSION = 5.0;
				TARGETED_DEVICE_FAMILY = "1,2";
			};
			name = Debug;
		};
		5DFBDD4B29CDB331004E0B78 /* Release */ = {
			isa = XCBuildConfiguration;
			baseConfigurationReference = 8ACB953EDA17A40F95B35735 /* Pods-RealmTutorialOfCRUDApp.release.xcconfig */;
			buildSettings = {
				ASSETCATALOG_COMPILER_APPICON_NAME = AppIcon;
				ASSETCATALOG_COMPILER_GLOBAL_ACCENT_COLOR_NAME = AccentColor;
				CODE_SIGN_STYLE = Automatic;
				CURRENT_PROJECT_VERSION = 1;
				DEVELOPMENT_TEAM = XP8M87ULF2;
				GENERATE_INFOPLIST_FILE = YES;
				INFOPLIST_FILE = RealmTutorialOfCRUDApp/Info.plist;
				INFOPLIST_KEY_UIApplicationSupportsIndirectInputEvents = YES;
				INFOPLIST_KEY_UILaunchStoryboardName = LaunchScrean;
				INFOPLIST_KEY_UISupportedInterfaceOrientations_iPad = "UIInterfaceOrientationPortrait UIInterfaceOrientationPortraitUpsideDown UIInterfaceOrientationLandscapeLeft UIInterfaceOrientationLandscapeRight";
				INFOPLIST_KEY_UISupportedInterfaceOrientations_iPhone = "UIInterfaceOrientationPortrait UIInterfaceOrientationLandscapeLeft UIInterfaceOrientationLandscapeRight";
				LD_RUNPATH_SEARCH_PATHS = (
					"$(inherited)",
					"@executable_path/Frameworks",
				);
				MARKETING_VERSION = 1.0;
				PRODUCT_BUNDLE_IDENTIFIER = com.shohiiiiiii.RealmTutorialOfCRUDApp;
				PRODUCT_NAME = "$(TARGET_NAME)";
				SWIFT_EMIT_LOC_STRINGS = YES;
				SWIFT_VERSION = 5.0;
				TARGETED_DEVICE_FAMILY = "1,2";
			};
			name = Release;
		};
		5DFBDD4D29CDB331004E0B78 /* Debug */ = {
			isa = XCBuildConfiguration;
			baseConfigurationReference = A3C7394D371879A2F258EC32 /* Pods-RealmTutorialOfCRUDAppTests.debug.xcconfig */;
			buildSettings = {
				ALWAYS_EMBED_SWIFT_STANDARD_LIBRARIES = YES;
				BUNDLE_LOADER = "$(TEST_HOST)";
				CODE_SIGN_STYLE = Automatic;
				CURRENT_PROJECT_VERSION = 1;
				DEVELOPMENT_TEAM = XP8M87ULF2;
				GENERATE_INFOPLIST_FILE = YES;
				IPHONEOS_DEPLOYMENT_TARGET = 16.0;
				MARKETING_VERSION = 1.0;
				PRODUCT_BUNDLE_IDENTIFIER = com.shohiiiiiii.RealmTutorialOfCRUDAppTests;
				PRODUCT_NAME = "$(TARGET_NAME)";
				SWIFT_EMIT_LOC_STRINGS = NO;
				SWIFT_VERSION = 5.0;
				TARGETED_DEVICE_FAMILY = "1,2";
				TEST_HOST = "$(BUILT_PRODUCTS_DIR)/RealmTutorialOfCRUDApp.app/$(BUNDLE_EXECUTABLE_FOLDER_PATH)/RealmTutorialOfCRUDApp";
			};
			name = Debug;
		};
		5DFBDD4E29CDB331004E0B78 /* Release */ = {
			isa = XCBuildConfiguration;
			baseConfigurationReference = 542F8DDD6503FB6650A52F3C /* Pods-RealmTutorialOfCRUDAppTests.release.xcconfig */;
			buildSettings = {
				ALWAYS_EMBED_SWIFT_STANDARD_LIBRARIES = YES;
				BUNDLE_LOADER = "$(TEST_HOST)";
				CODE_SIGN_STYLE = Automatic;
				CURRENT_PROJECT_VERSION = 1;
				DEVELOPMENT_TEAM = XP8M87ULF2;
				GENERATE_INFOPLIST_FILE = YES;
				IPHONEOS_DEPLOYMENT_TARGET = 16.0;
				MARKETING_VERSION = 1.0;
				PRODUCT_BUNDLE_IDENTIFIER = com.shohiiiiiii.RealmTutorialOfCRUDAppTests;
				PRODUCT_NAME = "$(TARGET_NAME)";
				SWIFT_EMIT_LOC_STRINGS = NO;
				SWIFT_VERSION = 5.0;
				TARGETED_DEVICE_FAMILY = "1,2";
				TEST_HOST = "$(BUILT_PRODUCTS_DIR)/RealmTutorialOfCRUDApp.app/$(BUNDLE_EXECUTABLE_FOLDER_PATH)/RealmTutorialOfCRUDApp";
			};
			name = Release;
		};
		5DFBDD5029CDB331004E0B78 /* Debug */ = {
			isa = XCBuildConfiguration;
			baseConfigurationReference = 11F8E0075DA1FE6FFA2E1845 /* Pods-RealmTutorialOfCRUDApp-RealmTutorialOfCRUDAppUITests.debug.xcconfig */;
			buildSettings = {
				ALWAYS_EMBED_SWIFT_STANDARD_LIBRARIES = YES;
				CODE_SIGN_STYLE = Automatic;
				CURRENT_PROJECT_VERSION = 1;
				DEVELOPMENT_TEAM = XP8M87ULF2;
				GENERATE_INFOPLIST_FILE = YES;
				MARKETING_VERSION = 1.0;
				PRODUCT_BUNDLE_IDENTIFIER = com.shohiiiiiii.RealmTutorialOfCRUDAppUITests;
				PRODUCT_NAME = "$(TARGET_NAME)";
				SWIFT_EMIT_LOC_STRINGS = NO;
				SWIFT_VERSION = 5.0;
				TARGETED_DEVICE_FAMILY = "1,2";
				TEST_TARGET_NAME = RealmTutorialOfCRUDApp;
			};
			name = Debug;
		};
		5DFBDD5129CDB331004E0B78 /* Release */ = {
			isa = XCBuildConfiguration;
			baseConfigurationReference = 93C9009012C60103B90967F3 /* Pods-RealmTutorialOfCRUDApp-RealmTutorialOfCRUDAppUITests.release.xcconfig */;
			buildSettings = {
				ALWAYS_EMBED_SWIFT_STANDARD_LIBRARIES = YES;
				CODE_SIGN_STYLE = Automatic;
				CURRENT_PROJECT_VERSION = 1;
				DEVELOPMENT_TEAM = XP8M87ULF2;
				GENERATE_INFOPLIST_FILE = YES;
				MARKETING_VERSION = 1.0;
				PRODUCT_BUNDLE_IDENTIFIER = com.shohiiiiiii.RealmTutorialOfCRUDAppUITests;
				PRODUCT_NAME = "$(TARGET_NAME)";
				SWIFT_EMIT_LOC_STRINGS = NO;
				SWIFT_VERSION = 5.0;
				TARGETED_DEVICE_FAMILY = "1,2";
				TEST_TARGET_NAME = RealmTutorialOfCRUDApp;
			};
			name = Release;
		};
/* End XCBuildConfiguration section */

/* Begin XCConfigurationList section */
		5DFBDD1A29CDB32F004E0B78 /* Build configuration list for PBXProject "RealmTutorialOfCRUDApp" */ = {
			isa = XCConfigurationList;
			buildConfigurations = (
				5DFBDD4729CDB331004E0B78 /* Debug */,
				5DFBDD4829CDB331004E0B78 /* Release */,
			);
			defaultConfigurationIsVisible = 0;
			defaultConfigurationName = Release;
		};
		5DFBDD4929CDB331004E0B78 /* Build configuration list for PBXNativeTarget "RealmTutorialOfCRUDApp" */ = {
			isa = XCConfigurationList;
			buildConfigurations = (
				5DFBDD4A29CDB331004E0B78 /* Debug */,
				5DFBDD4B29CDB331004E0B78 /* Release */,
			);
			defaultConfigurationIsVisible = 0;
			defaultConfigurationName = Release;
		};
		5DFBDD4C29CDB331004E0B78 /* Build configuration list for PBXNativeTarget "RealmTutorialOfCRUDAppTests" */ = {
			isa = XCConfigurationList;
			buildConfigurations = (
				5DFBDD4D29CDB331004E0B78 /* Debug */,
				5DFBDD4E29CDB331004E0B78 /* Release */,
			);
			defaultConfigurationIsVisible = 0;
			defaultConfigurationName = Release;
		};
		5DFBDD4F29CDB331004E0B78 /* Build configuration list for PBXNativeTarget "RealmTutorialOfCRUDAppUITests" */ = {
			isa = XCConfigurationList;
			buildConfigurations = (
				5DFBDD5029CDB331004E0B78 /* Debug */,
				5DFBDD5129CDB331004E0B78 /* Release */,
			);
			defaultConfigurationIsVisible = 0;
			defaultConfigurationName = Release;
		};
/* End XCConfigurationList section */
	};
	rootObject = 5DFBDD1729CDB32F004E0B78 /* Project object */;
}
